
Microsoft Visual Studio Solution File, Format Version 12.00
# Visual Studio Version 17
VisualStudioVersion = 17.5.33530.505
MinimumVisualStudioVersion = 10.0.40219.1
Project("{9A19103F-16F7-4668-BE54-9A1E7A4F7556}") = "DisasterServer", "DisasterServer.csproj", "{A1287DB2-8348-4624-9B41-034316C05E63}"
EndProject
Global
	GlobalSection(SolutionConfigurationPlatforms) = preSolution
		Debug|Any CPU = Debug|Any CPU
		Release|Any CPU = Release|Any CPU
	EndGlobalSection
	GlobalSection(ProjectConfigurationPlatforms) = postSolution
		{A1287DB2-8348-4624-9B41-034316C05E63}.Debug|Any CPU.ActiveCfg = Debug|Any CPU
		{A1287DB2-8348-4624-9B41-034316C05E63}.Debug|Any CPU.Build.0 = Debug|Any CPU
		{A1287DB2-8348-4624-9B41-034316C05E63}.Release|Any CPU.ActiveCfg = Release|Any CPU
		{A1287DB2-8348-4624-9B41-034316C05E63}.Release|Any CPU.Build.0 = Release|Any CPU
	EndGlobalSection
	GlobalSection(SolutionProperties) = preSolution
		HideSolutionNode = FALSE
	EndGlobalSection
	GlobalSection(ExtensibilityGlobals) = postSolution
		SolutionGuid = {C4D2A2AD-D9FF-4019-81D5-E110B3BB2452}
	EndGlobalSection
EndGlobal
